// !$*UTF8*$!
{
	archiveVersion = 1;
	classes = {
	};
	objectVersion = 50;
	objects = {

/* Begin PBXBuildFile section */
		8754297725BEFFE300AB5F3F /* BackgroundData.swift in Sources */ = {isa = PBXBuildFile; fileRef = 8754297625BEFFE300AB5F3F /* BackgroundData.swift */; };
		879A449A25BDB243000EFEE0 /* WeatherData.swift in Sources */ = {isa = PBXBuildFile; fileRef = 879A449925BDB243000EFEE0 /* WeatherData.swift */; };
		879A449D25BDD0D3000EFEE0 /* WeatherModel.swift in Sources */ = {isa = PBXBuildFile; fileRef = 879A449C25BDD0D3000EFEE0 /* WeatherModel.swift */; };
		879A44A125BE0EBC000EFEE0 /* BackgroundManager.swift in Sources */ = {isa = PBXBuildFile; fileRef = 879A44A025BE0EBC000EFEE0 /* BackgroundManager.swift */; };
		879EC41725BC70E1004EB430 /* AppDelegate.swift in Sources */ = {isa = PBXBuildFile; fileRef = 879EC41625BC70E1004EB430 /* AppDelegate.swift */; };
		879EC41925BC70E1004EB430 /* SceneDelegate.swift in Sources */ = {isa = PBXBuildFile; fileRef = 879EC41825BC70E1004EB430 /* SceneDelegate.swift */; };
		879EC41B25BC70E1004EB430 /* WeatherViewController.swift in Sources */ = {isa = PBXBuildFile; fileRef = 879EC41A25BC70E1004EB430 /* WeatherViewController.swift */; };
		879EC41E25BC70E1004EB430 /* Main.storyboard in Resources */ = {isa = PBXBuildFile; fileRef = 879EC41C25BC70E1004EB430 /* Main.storyboard */; };
		879EC42025BC70E2004EB430 /* Assets.xcassets in Resources */ = {isa = PBXBuildFile; fileRef = 879EC41F25BC70E2004EB430 /* Assets.xcassets */; };
		879EC42325BC70E2004EB430 /* LaunchScreen.storyboard in Resources */ = {isa = PBXBuildFile; fileRef = 879EC42125BC70E2004EB430 /* LaunchScreen.storyboard */; };
		879EC43425BCE5EE004EB430 /* WeatherManager.swift in Sources */ = {isa = PBXBuildFile; fileRef = 879EC43325BCE5EE004EB430 /* WeatherManager.swift */; };
		879EC43725BCEA72004EB430 /* Constants.swift in Sources */ = {isa = PBXBuildFile; fileRef = 879EC43625BCEA72004EB430 /* Constants.swift */; };
/* End PBXBuildFile section */

/* Begin PBXFileReference section */
		8754297625BEFFE300AB5F3F /* BackgroundData.swift */ = {isa = PBXFileReference; lastKnownFileType = sourcecode.swift; path = BackgroundData.swift; sourceTree = "<group>"; };
		879A449925BDB243000EFEE0 /* WeatherData.swift */ = {isa = PBXFileReference; lastKnownFileType = sourcecode.swift; path = WeatherData.swift; sourceTree = "<group>"; };
		879A449C25BDD0D3000EFEE0 /* WeatherModel.swift */ = {isa = PBXFileReference; lastKnownFileType = sourcecode.swift; path = WeatherModel.swift; sourceTree = "<group>"; };
		879A44A025BE0EBC000EFEE0 /* BackgroundManager.swift */ = {isa = PBXFileReference; lastKnownFileType = sourcecode.swift; path = BackgroundManager.swift; sourceTree = "<group>"; };
		879EC41325BC70E1004EB430 /* The Weather Panel.app */ = {isa = PBXFileReference; explicitFileType = wrapper.application; includeInIndex = 0; path = "The Weather Panel.app"; sourceTree = BUILT_PRODUCTS_DIR; };
		879EC41625BC70E1004EB430 /* AppDelegate.swift */ = {isa = PBXFileReference; lastKnownFileType = sourcecode.swift; path = AppDelegate.swift; sourceTree = "<group>"; };
		879EC41825BC70E1004EB430 /* SceneDelegate.swift */ = {isa = PBXFileReference; lastKnownFileType = sourcecode.swift; path = SceneDelegate.swift; sourceTree = "<group>"; };
		879EC41A25BC70E1004EB430 /* WeatherViewController.swift */ = {isa = PBXFileReference; lastKnownFileType = sourcecode.swift; path = WeatherViewController.swift; sourceTree = "<group>"; };
		879EC41D25BC70E1004EB430 /* Base */ = {isa = PBXFileReference; lastKnownFileType = file.storyboard; name = Base; path = Base.lproj/Main.storyboard; sourceTree = "<group>"; };
		879EC41F25BC70E2004EB430 /* Assets.xcassets */ = {isa = PBXFileReference; lastKnownFileType = folder.assetcatalog; path = Assets.xcassets; sourceTree = "<group>"; };
		879EC42225BC70E2004EB430 /* Base */ = {isa = PBXFileReference; lastKnownFileType = file.storyboard; name = Base; path = Base.lproj/LaunchScreen.storyboard; sourceTree = "<group>"; };
		879EC42425BC70E2004EB430 /* Info.plist */ = {isa = PBXFileReference; lastKnownFileType = text.plist.xml; path = Info.plist; sourceTree = "<group>"; };
		879EC43325BCE5EE004EB430 /* WeatherManager.swift */ = {isa = PBXFileReference; lastKnownFileType = sourcecode.swift; path = WeatherManager.swift; sourceTree = "<group>"; };
		879EC43625BCEA72004EB430 /* Constants.swift */ = {isa = PBXFileReference; lastKnownFileType = sourcecode.swift; path = Constants.swift; sourceTree = "<group>"; };
/* End PBXFileReference section */

/* Begin PBXFrameworksBuildPhase section */
		879EC41025BC70E1004EB430 /* Frameworks */ = {
			isa = PBXFrameworksBuildPhase;
			buildActionMask = 2147483647;
			files = (
			);
			runOnlyForDeploymentPostprocessing = 0;
		};
/* End PBXFrameworksBuildPhase section */

/* Begin PBXGroup section */
		879EC40A25BC70E1004EB430 = {
			isa = PBXGroup;
			children = (
				879EC41525BC70E1004EB430 /* The Weather Panel */,
				879EC41425BC70E1004EB430 /* Products */,
			);
			sourceTree = "<group>";
		};
		879EC41425BC70E1004EB430 /* Products */ = {
			isa = PBXGroup;
			children = (
				879EC41325BC70E1004EB430 /* The Weather Panel.app */,
			);
			name = Products;
			sourceTree = "<group>";
		};
		879EC41525BC70E1004EB430 /* The Weather Panel */ = {
			isa = PBXGroup;
			children = (
				879EC41625BC70E1004EB430 /* AppDelegate.swift */,
				879EC41825BC70E1004EB430 /* SceneDelegate.swift */,
				879EC43225BCE5D8004EB430 /* Model */,
				879EC42B25BCE52E004EB430 /* View */,
				879EC42C25BCE53B004EB430 /* Controller */,
				879EC43625BCEA72004EB430 /* Constants.swift */,
				879EC41F25BC70E2004EB430 /* Assets.xcassets */,
				879EC42125BC70E2004EB430 /* LaunchScreen.storyboard */,
				879EC42425BC70E2004EB430 /* Info.plist */,
			);
			path = "The Weather Panel";
			sourceTree = "<group>";
		};
		879EC42B25BCE52E004EB430 /* View */ = {
			isa = PBXGroup;
			children = (
				879EC41C25BC70E1004EB430 /* Main.storyboard */,
			);
			path = View;
			sourceTree = "<group>";
		};
		879EC42C25BCE53B004EB430 /* Controller */ = {
			isa = PBXGroup;
			children = (
				879EC41A25BC70E1004EB430 /* WeatherViewController.swift */,
			);
			path = Controller;
			sourceTree = "<group>";
		};
		879EC43225BCE5D8004EB430 /* Model */ = {
			isa = PBXGroup;
			children = (
				879A44A025BE0EBC000EFEE0 /* BackgroundManager.swift */,
				8754297625BEFFE300AB5F3F /* BackgroundData.swift */,
				879EC43325BCE5EE004EB430 /* WeatherManager.swift */,
				879A449925BDB243000EFEE0 /* WeatherData.swift */,
				879A449C25BDD0D3000EFEE0 /* WeatherModel.swift */,
			);
			path = Model;
			sourceTree = "<group>";
		};
/* End PBXGroup section */

/* Begin PBXNativeTarget section */
		879EC41225BC70E1004EB430 /* The Weather Panel */ = {
			isa = PBXNativeTarget;
			buildConfigurationList = 879EC42725BC70E2004EB430 /* Build configuration list for PBXNativeTarget "The Weather Panel" */;
			buildPhases = (
				879EC40F25BC70E1004EB430 /* Sources */,
				879EC41025BC70E1004EB430 /* Frameworks */,
				879EC41125BC70E1004EB430 /* Resources */,
			);
			buildRules = (
			);
			dependencies = (
			);
			name = "The Weather Panel";
			productName = "The Weather Panel";
			productReference = 879EC41325BC70E1004EB430 /* The Weather Panel.app */;
			productType = "com.apple.product-type.application";
		};
/* End PBXNativeTarget section */

/* Begin PBXProject section */
		879EC40B25BC70E1004EB430 /* Project object */ = {
			isa = PBXProject;
			attributes = {
				LastSwiftUpdateCheck = 1230;
				LastUpgradeCheck = 1230;
				TargetAttributes = {
					879EC41225BC70E1004EB430 = {
						CreatedOnToolsVersion = 12.3;
					};
				};
			};
			buildConfigurationList = 879EC40E25BC70E1004EB430 /* Build configuration list for PBXProject "The Weather Panel" */;
			compatibilityVersion = "Xcode 9.3";
			developmentRegion = en;
			hasScannedForEncodings = 0;
			knownRegions = (
				en,
				Base,
			);
			mainGroup = 879EC40A25BC70E1004EB430;
			productRefGroup = 879EC41425BC70E1004EB430 /* Products */;
			projectDirPath = "";
			projectRoot = "";
			targets = (
				879EC41225BC70E1004EB430 /* The Weather Panel */,
			);
		};
/* End PBXProject section */

/* Begin PBXResourcesBuildPhase section */
		879EC41125BC70E1004EB430 /* Resources */ = {
			isa = PBXResourcesBuildPhase;
			buildActionMask = 2147483647;
			files = (
				879EC42325BC70E2004EB430 /* LaunchScreen.storyboard in Resources */,
				879EC42025BC70E2004EB430 /* Assets.xcassets in Resources */,
				879EC41E25BC70E1004EB430 /* Main.storyboard in Resources */,
			);
			runOnlyForDeploymentPostprocessing = 0;
		};
/* End PBXResourcesBuildPhase section */

/* Begin PBXSourcesBuildPhase section */
		879EC40F25BC70E1004EB430 /* Sources */ = {
			isa = PBXSourcesBuildPhase;
			buildActionMask = 2147483647;
			files = (
				8754297725BEFFE300AB5F3F /* BackgroundData.swift in Sources */,
				879EC43725BCEA72004EB430 /* Constants.swift in Sources */,
				879EC41B25BC70E1004EB430 /* WeatherViewController.swift in Sources */,
				879EC41725BC70E1004EB430 /* AppDelegate.swift in Sources */,
				879A44A125BE0EBC000EFEE0 /* BackgroundManager.swift in Sources */,
				879A449D25BDD0D3000EFEE0 /* WeatherModel.swift in Sources */,
				879EC43425BCE5EE004EB430 /* WeatherManager.swift in Sources */,
				879A449A25BDB243000EFEE0 /* WeatherData.swift in Sources */,
				879EC41925BC70E1004EB430 /* SceneDelegate.swift in Sources */,
			);
			runOnlyForDeploymentPostprocessing = 0;
		};
/* End PBXSourcesBuildPhase section */

/* Begin PBXVariantGroup section */
		879EC41C25BC70E1004EB430 /* Main.storyboard */ = {
			isa = PBXVariantGroup;
			children = (
				879EC41D25BC70E1004EB430 /* Base */,
			);
			name = Main.storyboard;
			sourceTree = "<group>";
		};
		879EC42125BC70E2004EB430 /* LaunchScreen.storyboard */ = {
			isa = PBXVariantGroup;
			children = (
				879EC42225BC70E2004EB430 /* Base */,
			);
			name = LaunchScreen.storyboard;
			sourceTree = "<group>";
		};
/* End PBXVariantGroup section */

/* Begin XCBuildConfiguration section */
		879EC42525BC70E2004EB430 /* Debug */ = {
			isa = XCBuildConfiguration;
			buildSettings = {
				ALWAYS_SEARCH_USER_PATHS = NO;
				CLANG_ANALYZER_NONNULL = YES;
				CLANG_ANALYZER_NUMBER_OBJECT_CONVERSION = YES_AGGRESSIVE;
				CLANG_CXX_LANGUAGE_STANDARD = "gnu++14";
				CLANG_CXX_LIBRARY = "libc++";
				CLANG_ENABLE_MODULES = YES;
				CLANG_ENABLE_OBJC_ARC = YES;
				CLANG_ENABLE_OBJC_WEAK = YES;
				CLANG_WARN_BLOCK_CAPTURE_AUTORELEASING = YES;
				CLANG_WARN_BOOL_CONVERSION = YES;
				CLANG_WARN_COMMA = YES;
				CLANG_WARN_CONSTANT_CONVERSION = YES;
				CLANG_WARN_DEPRECATED_OBJC_IMPLEMENTATIONS = YES;
				CLANG_WARN_DIRECT_OBJC_ISA_USAGE = YES_ERROR;
				CLANG_WARN_DOCUMENTATION_COMMENTS = YES;
				CLANG_WARN_EMPTY_BODY = YES;
				CLANG_WARN_ENUM_CONVERSION = YES;
				CLANG_WARN_INFINITE_RECURSION = YES;
				CLANG_WARN_INT_CONVERSION = YES;
				CLANG_WARN_NON_LITERAL_NULL_CONVERSION = YES;
				CLANG_WARN_OBJC_IMPLICIT_RETAIN_SELF = YES;
				CLANG_WARN_OBJC_LITERAL_CONVERSION = YES;
				CLANG_WARN_OBJC_ROOT_CLASS = YES_ERROR;
				CLANG_WARN_QUOTED_INCLUDE_IN_FRAMEWORK_HEADER = YES;
				CLANG_WARN_RANGE_LOOP_ANALYSIS = YES;
				CLANG_WARN_STRICT_PROTOTYPES = YES;
				CLANG_WARN_SUSPICIOUS_MOVE = YES;
				CLANG_WARN_UNGUARDED_AVAILABILITY = YES_AGGRESSIVE;
				CLANG_WARN_UNREACHABLE_CODE = YES;
				CLANG_WARN__DUPLICATE_METHOD_MATCH = YES;
				COPY_PHASE_STRIP = NO;
				DEBUG_INFORMATION_FORMAT = dwarf;
				ENABLE_STRICT_OBJC_MSGSEND = YES;
				ENABLE_TESTABILITY = YES;
				GCC_C_LANGUAGE_STANDARD = gnu11;
				GCC_DYNAMIC_NO_PIC = NO;
				GCC_NO_COMMON_BLOCKS = YES;
				GCC_OPTIMIZATION_LEVEL = 0;
				GCC_PREPROCESSOR_DEFINITIONS = (
					"DEBUG=1",
					"$(inherited)",
				);
				GCC_WARN_64_TO_32_BIT_CONVERSION = YES;
				GCC_WARN_ABOUT_RETURN_TYPE = YES_ERROR;
				GCC_WARN_UNDECLARED_SELECTOR = YES;
				GCC_WARN_UNINITIALIZED_AUTOS = YES_AGGRESSIVE;
				GCC_WARN_UNUSED_FUNCTION = YES;
				GCC_WARN_UNUSED_VARIABLE = YES;
				IPHONEOS_DEPLOYMENT_TARGET = 14.3;
				MTL_ENABLE_DEBUG_INFO = INCLUDE_SOURCE;
				MTL_FAST_MATH = YES;
				ONLY_ACTIVE_ARCH = YES;
				SDKROOT = iphoneos;
				SWIFT_ACTIVE_COMPILATION_CONDITIONS = DEBUG;
				SWIFT_OPTIMIZATION_LEVEL = "-Onone";
			};
			name = Debug;
		};
		879EC42625BC70E2004EB430 /* Release */ = {
			isa = XCBuildConfiguration;
			buildSettings = {
				ALWAYS_SEARCH_USER_PATHS = NO;
				CLANG_ANALYZER_NONNULL = YES;
				CLANG_ANALYZER_NUMBER_OBJECT_CONVERSION = YES_AGGRESSIVE;
				CLANG_CXX_LANGUAGE_STANDARD = "gnu++14";
				CLANG_CXX_LIBRARY = "libc++";
				CLANG_ENABLE_MODULES = YES;
				CLANG_ENABLE_OBJC_ARC = YES;
				CLANG_ENABLE_OBJC_WEAK = YES;
				CLANG_WARN_BLOCK_CAPTURE_AUTORELEASING = YES;
				CLANG_WARN_BOOL_CONVERSION = YES;
				CLANG_WARN_COMMA = YES;
				CLANG_WARN_CONSTANT_CONVERSION = YES;
				CLANG_WARN_DEPRECATED_OBJC_IMPLEMENTATIONS = YES;
				CLANG_WARN_DIRECT_OBJC_ISA_USAGE = YES_ERROR;
				CLANG_WARN_DOCUMENTATION_COMMENTS = YES;
				CLANG_WARN_EMPTY_BODY = YES;
				CLANG_WARN_ENUM_CONVERSION = YES;
				CLANG_WARN_INFINITE_RECURSION = YES;
				CLANG_WARN_INT_CONVERSION = YES;
				CLANG_WARN_NON_LITERAL_NULL_CONVERSION = YES;
				CLANG_WARN_OBJC_IMPLICIT_RETAIN_SELF = YES;
				CLANG_WARN_OBJC_LITERAL_CONVERSION = YES;
				CLANG_WARN_OBJC_ROOT_CLASS = YES_ERROR;
				CLANG_WARN_QUOTED_INCLUDE_IN_FRAMEWORK_HEADER = YES;
				CLANG_WARN_RANGE_LOOP_ANALYSIS = YES;
				CLANG_WARN_STRICT_PROTOTYPES = YES;
				CLANG_WARN_SUSPICIOUS_MOVE = YES;
				CLANG_WARN_UNGUARDED_AVAILABILITY = YES_AGGRESSIVE;
				CLANG_WARN_UNREACHABLE_CODE = YES;
				CLANG_WARN__DUPLICATE_METHOD_MATCH = YES;
				COPY_PHASE_STRIP = NO;
				DEBUG_INFORMATION_FORMAT = "dwarf-with-dsym";
				ENABLE_NS_ASSERTIONS = NO;
				ENABLE_STRICT_OBJC_MSGSEND = YES;
				GCC_C_LANGUAGE_STANDARD = gnu11;
				GCC_NO_COMMON_BLOCKS = YES;
				GCC_WARN_64_TO_32_BIT_CONVERSION = YES;
				GCC_WARN_ABOUT_RETURN_TYPE = YES_ERROR;
				GCC_WARN_UNDECLARED_SELECTOR = YES;
				GCC_WARN_UNINITIALIZED_AUTOS = YES_AGGRESSIVE;
				GCC_WARN_UNUSED_FUNCTION = YES;
				GCC_WARN_UNUSED_VARIABLE = YES;
				IPHONEOS_DEPLOYMENT_TARGET = 14.3;
				MTL_ENABLE_DEBUG_INFO = NO;
				MTL_FAST_MATH = YES;
				SDKROOT = iphoneos;
				SWIFT_COMPILATION_MODE = wholemodule;
				SWIFT_OPTIMIZATION_LEVEL = "-O";
				VALIDATE_PRODUCT = YES;
			};
			name = Release;
		};
		879EC42825BC70E2004EB430 /* Debug */ = {
			isa = XCBuildConfiguration;
			buildSettings = {
				ASSETCATALOG_COMPILER_APPICON_NAME = AppIcon;
				ASSETCATALOG_COMPILER_GLOBAL_ACCENT_COLOR_NAME = AccentColor;
				CODE_SIGN_STYLE = Automatic;
				DEVELOPMENT_TEAM = 92RWZYGPSA;
				INFOPLIST_FILE = "The Weather Panel/Info.plist";
				LD_RUNPATH_SEARCH_PATHS = (
					"$(inherited)",
					"@executable_path/Frameworks",
				);
				PRODUCT_BUNDLE_IDENTIFIER = "com.danielcaccia.The-Weather-Panel";
				PRODUCT_NAME = "$(TARGET_NAME)";
				SWIFT_VERSION = 5.0;
				TARGETED_DEVICE_FAMILY = "1,2";
			};
			name = Debug;
		};
		879EC42925BC70E2004EB430 /* Release */ = {
			isa = XCBuildConfiguration;
			buildSettings = {
				ASSETCATALOG_COMPILER_APPICON_NAME = AppIcon;
				ASSETCATALOG_COMPILER_GLOBAL_ACCENT_COLOR_NAME = AccentColor;
				CODE_SIGN_STYLE = Automatic;
				DEVELOPMENT_TEAM = 92RWZYGPSA;
				INFOPLIST_FILE = "The Weather Panel/Info.plist";
				LD_RUNPATH_SEARCH_PATHS = (
					"$(inherited)",
					"@executable_path/Frameworks",
				);
				PRODUCT_BUNDLE_IDENTIFIER = "com.danielcaccia.The-Weather-Panel";
				PRODUCT_NAME = "$(TARGET_NAME)";
				SWIFT_VERSION = 5.0;
				TARGETED_DEVICE_FAMILY = "1,2";
			};
			name = Release;
		};
/* End XCBuildConfiguration section */

/* Begin XCConfigurationList section */
		879EC40E25BC70E1004EB430 /* Build configuration list for PBXProject "The Weather Panel" */ = {
			isa = XCConfigurationList;
			buildConfigurations = (
				879EC42525BC70E2004EB430 /* Debug */,
				879EC42625BC70E2004EB430 /* Release */,
			);
			defaultConfigurationIsVisible = 0;
			defaultConfigurationName = Release;
		};
		879EC42725BC70E2004EB430 /* Build configuration list for PBXNativeTarget "The Weather Panel" */ = {
			isa = XCConfigurationList;
			buildConfigurations = (
				879EC42825BC70E2004EB430 /* Debug */,
				879EC42925BC70E2004EB430 /* Release */,
			);
			defaultConfigurationIsVisible = 0;
			defaultConfigurationName = Release;
		};
/* End XCConfigurationList section */
	};
	rootObject = 879EC40B25BC70E1004EB430 /* Project object */;
}
